on:
  workflow_dispatch:
  schedule:
    - cron: '0 0 1,15 * *'

name: Update flake.lock

jobs:
  update-flake-lock:
    runs-on: ubuntu-latest
    steps:
      - name: Checkout repository
        uses: actions/checkout@v5

      - name: Install Nix
        uses: DeterminateSystems/nix-installer-action@v13

      - name: Update flake.lock
        uses: DeterminateSystems/update-flake-lock@v27
        with:
          pr-title: "chore: update flake.lock"
          pr-body: "Automated flake.lock update"
          token: ${{ secrets.GH_PAT }}
